
Microsoft Visual Studio Solution File, Format Version 12.00
# Visual Studio Version 17
VisualStudioVersion = 17.9.34728.123
MinimumVisualStudioVersion = 10.0.40219.1
Project("{9A19103F-16F7-4668-BE54-9A1E7A4F7556}") = "FP2 Sonic Mod", "FP2 Sonic Mod.csproj", "{74DF1412-0141-4A4E-8F56-DEB7D5100542}"
EndProject
Global
	GlobalSection(SolutionConfigurationPlatforms) = preSolution
		Debug|Any CPU = Debug|Any CPU
		Release|Any CPU = Release|Any CPU
	EndGlobalSection
	GlobalSection(ProjectConfigurationPlatforms) = postSolution
		{74DF1412-0141-4A4E-8F56-DEB7D5100542}.Debug|Any CPU.ActiveCfg = Debug|Any CPU
		{74DF1412-0141-4A4E-8F56-DEB7D5100542}.Debug|Any CPU.Build.0 = Debug|Any CPU
		{74DF1412-0141-4A4E-8F56-DEB7D5100542}.Release|Any CPU.ActiveCfg = Release|Any CPU
		{74DF1412-0141-4A4E-8F56-DEB7D5100542}.Release|Any CPU.Build.0 = Release|Any CPU
	EndGlobalSection
	GlobalSection(SolutionProperties) = preSolution
		HideSolutionNode = FALSE
	EndGlobalSection
	GlobalSection(ExtensibilityGlobals) = postSolution
		SolutionGuid = {F008F6A1-9C75-483B-B058-1586331E3C7B}
	EndGlobalSection
EndGlobal
